<Project xmlns="http://schemas.microsoft.com/developer/msbuild/2003">
    <PropertyGroup>
        <ProjectGuid>{0EAAC419-F010-4599-9050-E338B41E4C65}</ProjectGuid>
        <ProjectVersion>18.2</ProjectVersion>
        <FrameworkType>FMX</FrameworkType>
        <MainSource>PDVUpdates.dpr</MainSource>
        <Base>True</Base>
        <Config Condition="'$(Config)'==''">Debug</Config>
        <Platform Condition="'$(Platform)'==''">Win32</Platform>
        <TargetedPlatforms>1</TargetedPlatforms>
        <AppType>Console</AppType>
    </PropertyGroup>
    <PropertyGroup Condition="'$(Config)'=='Base' or '$(Base)'!=''">
        <Base>true</Base>
    </PropertyGroup>
    <PropertyGroup Condition="('$(Platform)'=='Android' and '$(Base)'=='true') or '$(Base_Android)'!=''">
        <Base_Android>true</Base_Android>
        <CfgParent>Base</CfgParent>
        <Base>true</Base>
    </PropertyGroup>
    <PropertyGroup Condition="('$(Platform)'=='iOSDevice32' and '$(Base)'=='true') or '$(Base_iOSDevice32)'!=''">
        <Base_iOSDevice32>true</Base_iOSDevice32>
        <CfgParent>Base</CfgParent>
        <Base>true</Base>
    </PropertyGroup>
    <PropertyGroup Condition="('$(Platform)'=='iOSDevice64' and '$(Base)'=='true') or '$(Base_iOSDevice64)'!=''">
        <Base_iOSDevice64>true</Base_iOSDevice64>
        <CfgParent>Base</CfgParent>
        <Base>true</Base>
    </PropertyGroup>
    <PropertyGroup Condition="('$(Platform)'=='iOSSimulator' and '$(Base)'=='true') or '$(Base_iOSSimulator)'!=''">
        <Base_iOSSimulator>true</Base_iOSSimulator>
        <CfgParent>Base</CfgParent>
        <Base>true</Base>
    </PropertyGroup>
    <PropertyGroup Condition="('$(Platform)'=='Linux64' and '$(Base)'=='true') or '$(Base_Linux64)'!=''">
        <Base_Linux64>true</Base_Linux64>
        <CfgParent>Base</CfgParent>
        <Base>true</Base>
    </PropertyGroup>
    <PropertyGroup Condition="('$(Platform)'=='OSX32' and '$(Base)'=='true') or '$(Base_OSX32)'!=''">
        <Base_OSX32>true</Base_OSX32>
        <CfgParent>Base</CfgParent>
        <Base>true</Base>
    </PropertyGroup>
    <PropertyGroup Condition="('$(Platform)'=='Win32' and '$(Base)'=='true') or '$(Base_Win32)'!=''">
        <Base_Win32>true</Base_Win32>
        <CfgParent>Base</CfgParent>
        <Base>true</Base>
    </PropertyGroup>
    <PropertyGroup Condition="('$(Platform)'=='Win64' and '$(Base)'=='true') or '$(Base_Win64)'!=''">
        <Base_Win64>true</Base_Win64>
        <CfgParent>Base</CfgParent>
        <Base>true</Base>
    </PropertyGroup>
    <PropertyGroup Condition="'$(Config)'=='Debug' or '$(Cfg_1)'!=''">
        <Cfg_1>true</Cfg_1>
        <CfgParent>Base</CfgParent>
        <Base>true</Base>
    </PropertyGroup>
    <PropertyGroup Condition="('$(Platform)'=='Win32' and '$(Cfg_1)'=='true') or '$(Cfg_1_Win32)'!=''">
        <Cfg_1_Win32>true</Cfg_1_Win32>
        <CfgParent>Cfg_1</CfgParent>
        <Cfg_1>true</Cfg_1>
        <Base>true</Base>
    </PropertyGroup>
    <PropertyGroup Condition="'$(Config)'=='Release' or '$(Cfg_2)'!=''">
        <Cfg_2>true</Cfg_2>
        <CfgParent>Base</CfgParent>
        <Base>true</Base>
    </PropertyGroup>
    <PropertyGroup Condition="('$(Platform)'=='Win32' and '$(Cfg_2)'=='true') or '$(Cfg_2_Win32)'!=''">
        <Cfg_2_Win32>true</Cfg_2_Win32>
        <CfgParent>Cfg_2</CfgParent>
        <Cfg_2>true</Cfg_2>
        <Base>true</Base>
    </PropertyGroup>
    <PropertyGroup Condition="'$(Base)'!=''">
        <DCC_DcuOutput>.\$(Platform)\$(Config)</DCC_DcuOutput>
        <DCC_ExeOutput>.\$(Platform)\$(Config)</DCC_ExeOutput>
        <DCC_E>false</DCC_E>
        <DCC_N>false</DCC_N>
        <DCC_S>false</DCC_S>
        <DCC_F>false</DCC_F>
        <DCC_K>false</DCC_K>
        <DCC_UsePackage>RESTComponents;emsclientfiredac;DataSnapFireDAC;FireDACIBDriver;emsclient;FireDACCommon;RESTBackendComponents;soapserver;CloudService;FireDACCommonDriver;inet;FireDAC;FireDACSqliteDriver;soaprtl;soapmidas;$(DCC_UsePackage)</DCC_UsePackage>
        <DCC_Namespace>System;Xml;Data;Datasnap;Web;Soap;$(DCC_Namespace)</DCC_Namespace>
        <UsingDelphiRTL>true</UsingDelphiRTL>
        <Icon_MainIcon>$(BDS)\bin\delphi_PROJECTICON.ico</Icon_MainIcon>
        <Icns_MainIcns>$(BDS)\bin\delphi_PROJECTICNS.icns</Icns_MainIcns>
        <DCC_Framework>FMX;$(DCC_Framework)</DCC_Framework>
        <DCC_Define>FMX;$(DCC_Define)</DCC_Define>
        <SanitizedProjectName>PDVUpdates</SanitizedProjectName>
    </PropertyGroup>
    <PropertyGroup Condition="'$(Base_Android)'!=''">
        <DCC_UsePackage>DBXSqliteDriver;DBXInterBaseDriver;tethering;bindcompfmx;fmx;FireDACDBXDriver;dbexpress;IndyCore;dsnap;DataSnapCommon;bindengine;DataSnapClient;bindcompdbx;IndyIPCommon;IndyIPServer;IndySystem;fmxFireDAC;ibmonitor;DbxCommonDriver;ibxpress;xmlrtl;DataSnapNativeClient;ibxbindings;rtl;FireDACDSDriver;DbxClientDriver;CustomIPTransport;bindcomp;IndyIPClient;GridSystem;dbxcds;dsnapxml;DataSnapProviderClient;dbrtl;IndyProtocols;$(DCC_UsePackage)</DCC_UsePackage>
        <EnabledSysJars>android-support-v4.dex.jar;cloud-messaging.dex.jar;fmx.dex.jar;google-analytics-v2.dex.jar;google-play-billing.dex.jar;google-play-licensing.dex.jar;google-play-services.dex.jar</EnabledSysJars>
    </PropertyGroup>
    <PropertyGroup Condition="'$(Base_iOSDevice32)'!=''">
        <DCC_UsePackage>DBXSqliteDriver;DBXInterBaseDriver;tethering;bindcompfmx;fmx;FireDACDBXDriver;dbexpress;IndyCore;dsnap;DataSnapCommon;bindengine;DataSnapClient;bindcompdbx;IndyIPCommon;IndyIPServer;IndySystem;fmxFireDAC;ibmonitor;DbxCommonDriver;ibxpress;xmlrtl;DataSnapNativeClient;ibxbindings;rtl;FireDACDSDriver;DbxClientDriver;CustomIPTransport;bindcomp;IndyIPClient;GridSystem;dbxcds;dsnapxml;DataSnapProviderClient;dbrtl;IndyProtocols;fmxase;$(DCC_UsePackage)</DCC_UsePackage>
    </PropertyGroup>
    <PropertyGroup Condition="'$(Base_iOSDevice64)'!=''">
        <DCC_UsePackage>DBXSqliteDriver;DBXInterBaseDriver;tethering;ACBr_NFeDanfeFR;bindcompfmx;fmx;FireDACDBXDriver;dbexpress;IndyCore;dsnap;DataSnapCommon;ACBr_SATExtratoRL;bindengine;DataSnapClient;bindcompdbx;IndyIPCommon;IndyIPServer;TBGWebCharts;IndySystem;ACBr_SATExtratoESCPOS;ACBr_NFeDanfeRL;fmxFireDAC;ibmonitor;DbxCommonDriver;ibxpress;xmlrtl;DataSnapNativeClient;ibxbindings;rtl;FireDACDSDriver;DbxClientDriver;CustomIPTransport;ACBr_DFeComum;bindcomp;IndyIPClient;frce;GridSystem;ACBr_BlocoX;dbxcds;dsnapxml;DataSnapProviderClient;dbrtl;IndyProtocols;fmxase;$(DCC_UsePackage)</DCC_UsePackage>
    </PropertyGroup>
    <PropertyGroup Condition="'$(Base_iOSSimulator)'!=''">
        <DCC_UsePackage>DBXSqliteDriver;DBXInterBaseDriver;tethering;bindcompfmx;fmx;FireDACDBXDriver;dbexpress;IndyCore;dsnap;DataSnapCommon;bindengine;DataSnapClient;bindcompdbx;IndyIPCommon;IndyIPServer;IndySystem;fmxFireDAC;ibmonitor;DbxCommonDriver;ibxpress;xmlrtl;DataSnapNativeClient;ibxbindings;rtl;FireDACDSDriver;DbxClientDriver;CustomIPTransport;bindcomp;IndyIPClient;dbxcds;dsnapxml;DataSnapProviderClient;dbrtl;IndyProtocols;fmxase;$(DCC_UsePackage)</DCC_UsePackage>
    </PropertyGroup>
    <PropertyGroup Condition="'$(Base_Linux64)'!=''">
        <DCC_UsePackage>DataSnapServerMidas;FireDACADSDriver;DatasnapConnectorsFreePascal;FireDACMSSQLDriver;ACBr_NFeDanfeFR;inetdb;emsedge;dbexpress;IndyCore;dsnap;DataSnapCommon;DataSnapConnectors;bindengine;FireDACOracleDriver;FireDACMySQLDriver;FireDACCommonODBC;DataSnapClient;TBGWebCharts;IndySystem;FireDACDb2Driver;FireDACInfxDriver;emshosting;FireDACPgDriver;FireDACASADriver;FireDACTDataDriver;DbxCommonDriver;DataSnapServer;xmlrtl;DataSnapNativeClient;rtl;DbxClientDriver;CustomIPTransport;bindcomp;dbxcds;FireDACODBCDriver;DataSnapIndy10ServerTransport;dsnapxml;dbrtl;FireDACMongoDBDriver;IndyProtocols;$(DCC_UsePackage)</DCC_UsePackage>
    </PropertyGroup>
    <PropertyGroup Condition="'$(Base_OSX32)'!=''">
        <DCC_UsePackage>DBXSqliteDriver;DataSnapServerMidas;DBXInterBaseDriver;tethering;FireDACMSSQLDriver;bindcompfmx;DBXOracleDriver;inetdb;emsedge;fmx;fmxdae;FireDACDBXDriver;dbexpress;IndyCore;dsnap;DataSnapCommon;bindengine;DBXMySQLDriver;FireDACOracleDriver;FireDACMySQLDriver;DBXFirebirdDriver;FireDACCommonODBC;DataSnapClient;bindcompdbx;IndyIPCommon;IndyIPServer;IndySystem;fmxFireDAC;emshosting;FireDACPgDriver;ibmonitor;FireDACASADriver;FireDACTDataDriver;DbxCommonDriver;ibxpress;DataSnapServer;xmlrtl;DataSnapNativeClient;fmxobj;ibxbindings;rtl;FireDACDSDriver;DbxClientDriver;DBXSybaseASADriver;CustomIPTransport;bindcomp;DBXInformixDriver;IndyIPClient;GridSystem;dbxcds;FireDACODBCDriver;DataSnapIndy10ServerTransport;dsnapxml;DataSnapProviderClient;dbrtl;inetdbxpress;FireDACMongoDBDriver;IndyProtocols;fmxase;$(DCC_UsePackage)</DCC_UsePackage>
    </PropertyGroup>
    <PropertyGroup Condition="'$(Base_Win32)'!=''">
        <DCC_UsePackage>DBXSqliteDriver;DataSnapServerMidas;DBXDb2Driver;DBXInterBaseDriver;frxcs25;vclactnband;frxIntIOIndy25;vclFireDAC;ACBr_TEFD;FMXfs25;svnui;tethering;ACBr_SATWS;FireDACADSDriver;frxe25;ACBr_BPe;ACBr_BPeDabpeESCPOS;ORMBrDriversLinks;DBXMSSQLDriver;ORMBrCore;DatasnapConnectorsFreePascal;FireDACMSSQLDriver;vcltouch;ACBr_NFe;ACBr_NFeDanfeFR;vcldb;bindcompfmx;svn;Intraweb;DBXOracleDriver;fsIBX25;FMXfsDB25;inetdb;ACBr_NFeDanfeESCPOS;ACBrDFeReportRL;ACBr_Diversos;ACBr_TXTComum;emsedge;fmx;fmxdae;frxDB25;vclib;frxTee25;ACBr_Ponto;FireDACDBXDriver;dbexpress;IndyCore;vclx;dsnap;DataSnapCommon;fsTee25;ACBr_SATExtratoRL;ACBr_PCNComum;DataSnapConnectors;ACBR_DeSTDA;VCLRESTComponents;ACBr_Reinf;ACBr_SAT;vclie;fs25;bindengine;DBXMySQLDriver;FireDACOracleDriver;FireDACMySQLDriver;DBXFirebirdDriver;ACBr_PAF;ACBr_SATECFVirtual;ACBr_Sintegra;FireDACCommonODBC;ACBr_GNRE;DataSnapClient;bindcompdbx;IndyIPCommon;ACBr_TCP;vcl;DBXSybaseASEDriver;IndyIPServer;ACBr_CTe;TBGWebCharts;IndySystem;FMXfrxDB25;FireDACDb2Driver;FMXfsTee25;ACBr_SATExtratoESCPOS;ACBr_NFeDanfeRL;DBEBrCore;dsnapcon;ACBr_synapse;ACBre_Social;FireDACMSAccDriver;fmxFireDAC;FireDACInfxDriver;vclimg;fsADO25;ACBr_SPEDImportar;ORMBrManagerObjectSet;ACBr_SPED;ACBr_MDFe;emshosting;ACBr_Comum;ACBr_BoletoRL;FireDACPgDriver;ibmonitor;FireDACASADriver;frxADO25;DBXOdbcDriver;FireDACTDataDriver;ACBr_LFD;DbxCommonDriver;ACBr_CIOT;ibxpress;DataSnapServer;xmlrtl;DataSnapNativeClient;fmxobj;vclwinx;ibxbindings;rtl;FireDACDSDriver;DbxClientDriver;frx25;DBXSybaseASADriver;ACBr_OpenSSL;CustomIPTransport;vcldsnap;ACBr_DFeComum;frxIntIO25;ORMBrManagerClientDataSet;fsDB25;ACBr_Convenio115;bindcomp;appanalytics;ACBr_Serial;DBXInformixDriver;ORMBrManagerFDMemTable;IndyIPClient;DBEBrConnectionFireDAC;frce;bindcompvcl;GridSystem;frxDBX25;ORMBrLibrary;ACBr_BlocoX;dbxcds;VclSmp;ACBr_NFCeECFVirtual;adortl;FireDACODBCDriver;ACBr_BoletoFR;DataSnapIndy10ServerTransport;ACBr_Boleto;ACBr_ANe;dsnapxml;DataSnapProviderClient;dbrtl;inetdbxpress;FireDACMongoDBDriver;IndyProtocols;frxIBX25;FMXfrx25;ACBr_SEF2;ACBr_NFSe;ACBr_MTER;fmxase;$(DCC_UsePackage)</DCC_UsePackage>
        <DCC_Namespace>Winapi;System.Win;Data.Win;Datasnap.Win;Web.Win;Soap.Win;Xml.Win;Bde;$(DCC_Namespace)</DCC_Namespace>
        <BT_BuildType>Debug</BT_BuildType>
        <VerInfo_Keys>CompanyName=;FileDescription=$(MSBuildProjectName);FileVersion=1.0.0.0;InternalName=;LegalCopyright=;LegalTrademarks=;OriginalFilename=;ProgramID=com.embarcadero.$(MSBuildProjectName);ProductName=$(MSBuildProjectName);ProductVersion=1.0.0.0;Comments=</VerInfo_Keys>
        <VerInfo_Locale>1033</VerInfo_Locale>
    </PropertyGroup>
    <PropertyGroup Condition="'$(Base_Win64)'!=''">
        <DCC_UsePackage>DBXSqliteDriver;DataSnapServerMidas;DBXDb2Driver;DBXInterBaseDriver;vclactnband;vclFireDAC;tethering;FireDACADSDriver;DBXMSSQLDriver;DatasnapConnectorsFreePascal;FireDACMSSQLDriver;vcltouch;vcldb;bindcompfmx;Intraweb;DBXOracleDriver;inetdb;emsedge;fmx;fmxdae;vclib;FireDACDBXDriver;dbexpress;IndyCore;vclx;dsnap;DataSnapCommon;DataSnapConnectors;VCLRESTComponents;vclie;bindengine;DBXMySQLDriver;FireDACOracleDriver;FireDACMySQLDriver;DBXFirebirdDriver;FireDACCommonODBC;DataSnapClient;bindcompdbx;IndyIPCommon;vcl;DBXSybaseASEDriver;IndyIPServer;IndySystem;FireDACDb2Driver;dsnapcon;FireDACMSAccDriver;fmxFireDAC;FireDACInfxDriver;vclimg;emshosting;FireDACPgDriver;ibmonitor;FireDACASADriver;DBXOdbcDriver;FireDACTDataDriver;DbxCommonDriver;ibxpress;DataSnapServer;xmlrtl;DataSnapNativeClient;fmxobj;vclwinx;ibxbindings;rtl;FireDACDSDriver;DbxClientDriver;DBXSybaseASADriver;CustomIPTransport;vcldsnap;bindcomp;appanalytics;DBXInformixDriver;IndyIPClient;bindcompvcl;GridSystem;dbxcds;VclSmp;adortl;FireDACODBCDriver;DataSnapIndy10ServerTransport;dsnapxml;DataSnapProviderClient;dbrtl;inetdbxpress;FireDACMongoDBDriver;IndyProtocols;fmxase;$(DCC_UsePackage)</DCC_UsePackage>
    </PropertyGroup>
    <PropertyGroup Condition="'$(Cfg_1)'!=''">
        <DCC_Define>DEBUG;$(DCC_Define)</DCC_Define>
        <DCC_DebugDCUs>true</DCC_DebugDCUs>
        <DCC_Optimize>false</DCC_Optimize>
        <DCC_GenerateStackFrames>true</DCC_GenerateStackFrames>
        <DCC_DebugInfoInExe>true</DCC_DebugInfoInExe>
        <DCC_RemoteDebug>true</DCC_RemoteDebug>
    </PropertyGroup>
    <PropertyGroup Condition="'$(Cfg_1_Win32)'!=''">
        <DCC_RemoteDebug>false</DCC_RemoteDebug>
        <DCC_ExeOutput>..\bin</DCC_ExeOutput>
        <DCC_DcuOutput>..\resources\dcu</DCC_DcuOutput>
        <VerInfo_Locale>1033</VerInfo_Locale>
        <Manifest_File>(None)</Manifest_File>
    </PropertyGroup>
    <PropertyGroup Condition="'$(Cfg_2)'!=''">
        <DCC_LocalDebugSymbols>false</DCC_LocalDebugSymbols>
        <DCC_Define>RELEASE;$(DCC_Define)</DCC_Define>
        <DCC_SymbolReferenceInfo>0</DCC_SymbolReferenceInfo>
        <DCC_DebugInformation>0</DCC_DebugInformation>
    </PropertyGroup>
    <PropertyGroup Condition="'$(Cfg_2_Win32)'!=''">
        <DCC_DcuOutput>..\resources\dcu</DCC_DcuOutput>
        <DCC_ExeOutput>..\bin</DCC_ExeOutput>
        <VerInfo_Locale>1033</VerInfo_Locale>
        <Manifest_File>(None)</Manifest_File>
    </PropertyGroup>
    <ItemGroup>
        <DelphiCompile Include="$(MainSource)">
            <MainSource>MainSource</MainSource>
        </DelphiCompile>
        <DCCReference Include="Controllers\PDVUpdates.Controller.pas"/>
        <DCCReference Include="Controllers\PDVUpdates.Controller.Interf.pas"/>
        <DCCReference Include="Views\PDVUpdatesView.pas">
            <Form>PDVUpdatesView</Form>
        </DCCReference>
        <DCCReference Include="Models\Usuario\Usuario.Model.pas"/>
        <DCCReference Include="Models\Usuario\Usuario.Model.Interf.pas"/>
        <DCCReference Include="Models\Usuario\Factory\Usuario_Factory.Model.pas"/>
        <DCCReference Include="Models\Usuario\Factory\Usuario_Factory.Model.Interf.pas"/>
        <DCCReference Include="Models\Usuario\Tipo\Factory\Usuario_Tipo_Factory.Model.Interf.pas"/>
        <DCCReference Include="Models\Usuario\Tipo\Usuario_Tipo_Caixa.Model.pas"/>
        <DCCReference Include="Models\Usuario\Tipo\Usuario_Tipo_Fiscal.Model.pas"/>
        <DCCReference Include="Models\Usuario\Tipo\Usuario_Tipo_Gerente.Model.pas"/>
        <DCCReference Include="Models\Usuario\Tipo\Factory\Usuario_Tipo_Factory.Model.pas"/>
        <DCCReference Include="Models\Usuario\Tipo\Usuario_Tipo_Padrao.Model.pas"/>
        <DCCReference Include="Models\Usuario\Usuario_Iterator.Model.pas"/>
        <DCCReference Include="Models\Entidade\Factory\Entidade.Model.Interf.pas"/>
        <DCCReference Include="Models\Entidade\Factory\Entidade_Factory.Model.pas"/>
        <DCCReference Include="Models\Entidade\Entidade_Usuario.Model.pas"/>
        <DCCReference Include="Controllers\Usuario\Usuario.Controller.Interf.pas"/>
        <DCCReference Include="Controllers\Usuario\Usuario.Controller.pas"/>
        <DCCReference Include="Controllers\Usuario\Factory\Usuario_Factory.Controller.pas"/>
        <DCCReference Include="Controllers\Usuario\Factory\Usuario_Factory.Controller.Interf.pas"/>
        <DCCReference Include="Controllers\PDVUpdates_Type.Controller.pas"/>
        <DCCReference Include="Controllers\Dialog\Usuario_Senha.Controller.Interf.pas"/>
        <DCCReference Include="Controllers\Dialog\Usuario_Senha.Controller.pas"/>
        <DCCReference Include="Views\Dialog\Usuario_SenhaView.pas">
            <Form>UsuarioSenhaView</Form>
            <FormType>fmx</FormType>
        </DCCReference>
        <DCCReference Include="Controllers\Usuario\Operacoes\Usuario_Operacoes.Controller.pas"/>
        <DCCReference Include="Controllers\Usuario\Operacoes\Usuario_Operacoes.Controller.Interf.pas"/>
        <DCCReference Include="Models\Caixa\Caixa.Model.interf.pas"/>
        <DCCReference Include="Models\Caixa\Caixa.Model.pas"/>
        <DCCReference Include="Models\Caixa\Factory\Caixa_Factory.Model.interf.pas"/>
        <DCCReference Include="Models\Caixa\Factory\Caixa_Factory.Model.pas"/>
        <DCCReference Include="Models\Caixa\Metodo\Caixa_Metodo_Abrir.Model.pas"/>
        <DCCReference Include="Models\Caixa\Metodo\Caixa_Metodo_Fechar.Model.pas"/>
        <DCCReference Include="Models\Caixa\Metodo\Caixa_Metodo_Suprimento.Model.pas"/>
        <DCCReference Include="Models\Caixa\Metodo\Caixa_Metodo_Sangria.Model.pas"/>
        <DCCReference Include="Models\Caixa\Metodo\Caixa_Metodo_Bloquear.Model.pas"/>
        <DCCReference Include="Models\Caixa\Metodo\Caixa_Metodo_Desbloquear.Model.pas"/>
        <DCCReference Include="Models\Caixa\Metodo\Caixa_Metodo_TrocarOperador.Model.pas"/>
        <DCCReference Include="Models\Caixa\State\Caixa_State_Aberto.Model.pas"/>
        <DCCReference Include="Models\Caixa\State\Caixa_State_Fechado.Model.pas"/>
        <DCCReference Include="Models\Caixa\State\Caixa_State_Bloqueado.Model.pas"/>
        <DCCReference Include="Models\Caixa\State\Factory\Caixa_State_Factory.Model.pas"/>
        <DCCReference Include="Models\Caixa\State\Factory\Caixa_State_Factory.Model.Interf.pas"/>
        <DCCReference Include="Models\Caixa\Metodo\Factory\Caixa_Metodo_Factory.Model.pas"/>
        <DCCReference Include="Models\Caixa\Metodo\Factory\Caixa_Metodo_Factory.Model.Interf.pas"/>
        <DCCReference Include="Controllers\Caixa\Caixa.Controller.pas"/>
        <DCCReference Include="Controllers\Caixa\Caixa.Controller.Interf.pas"/>
        <DCCReference Include="Controllers\Caixa\Factory\Caixa_Factory.Controller.Interf.pas"/>
        <DCCReference Include="Controllers\Caixa\Factory\Caixa_Factory.Controller.pas"/>
        <DCCReference Include="Controllers\Caixa\Caixa_Metodo.Controller.pas"/>
        <DCCReference Include="Models\PDVUpdates.Model.Interf.pas"/>
        <DCCReference Include="Models\PDVUpdates.Model.pas"/>
        <DCCReference Include="Controllers\Dialog\Captura_Valor.Controller.Interf.pas"/>
        <DCCReference Include="Controllers\Dialog\Captura_Valor.Controller.pas"/>
        <DCCReference Include="Views\Dialog\Captura_ValorView.pas">
            <Form>CapturaValorView</Form>
            <FormType>fmx</FormType>
        </DCCReference>
        <DCCReference Include="Models\Item\Item.Model.Interf.pas"/>
        <DCCReference Include="Models\Item\Item.Model.pas"/>
        <DCCReference Include="Models\Item\Factory\Item_Factory.Model.Interf.pas"/>
        <DCCReference Include="Models\Item\Factory\Item_Factory.Model.pas"/>
        <DCCReference Include="Models\Item\Metodo\Factory\Item_Metodo_Factory.Model.Interf.pas"/>
        <DCCReference Include="Models\Item\Metodo\Factory\Item_Metodo_Factory.Model.pas"/>
        <DCCReference Include="Models\Item\State\Factory\Item_State_Factory.Model.Interf.pas"/>
        <DCCReference Include="Models\Item\State\Factory\Item_State_Factory.Model.pas"/>
        <DCCReference Include="Models\Item\State\Item_State_Ativo.Model.pas"/>
        <DCCReference Include="Models\Item\State\Item_State_Inativo.Model.pas"/>
        <DCCReference Include="Models\Item\State\Item_State_Vendido.Model.pas"/>
        <DCCReference Include="Models\Item\Metodo\Item_Metodo_Vender.Model.pas"/>
        <DCCReference Include="Models\Item\Metodo\Item_Metodo_Cancelar.Model.pas"/>
        <DCCReference Include="Models\Item\Metodo\Item_Metodo_Desconto.Model.pas"/>
        <DCCReference Include="Models\Item\Metodo\Item_Metodo_Acrescimo.Model.pas"/>
        <DCCReference Include="Models\Item\Metodo\Item_Metodo_Repetir.Model.pas"/>
        <DCCReference Include="Controllers\Item\Item.Controller.Interf.pas"/>
        <DCCReference Include="Controllers\Item\Item.Controller.pas"/>
        <DCCReference Include="Controllers\Item\Factory\Item_Factory.Controller.Interf.pas"/>
        <DCCReference Include="Controllers\Item\Factory\Item_Factory.Controller.pas"/>
        <DCCReference Include="Controllers\Item\Item_Metodo.Controller.pas"/>
        <DCCReference Include="Models\Cliente\Cliente.Model.Interf.pas"/>
        <DCCReference Include="Models\Cliente\Cliente.Model.pas"/>
        <DCCReference Include="Models\Cliente\Factory\Cliente_Factory.Model.Interf.pas"/>
        <DCCReference Include="Models\Cliente\Factory\Cliente_Factory.Model.pas"/>
        <DCCReference Include="Models\Cliente\Metodo\Factory\Cliente_Metodo_Factory.Model.Interf.pas"/>
        <DCCReference Include="Models\Cliente\Metodo\Factory\Cliente_Metodo_Factory.Model.pas"/>
        <DCCReference Include="Models\Cliente\State\Factory\Cliente_State_Factory.Model.Interf.pas"/>
        <DCCReference Include="Models\Cliente\State\Factory\Cliente_State_Factory.Model.pas"/>
        <DCCReference Include="Models\Cliente\Metodo\Cliente_Metodo_Saldo.Model.pas"/>
        <DCCReference Include="Models\Cliente\State\Cliente_State_Ativo.Model.pas"/>
        <DCCReference Include="Models\Cliente\State\Cliente_State_Inativo.Model.pas"/>
        <DCCReference Include="Models\Cliente\State\Cliente_State_Bloqueado.Model.pas"/>
        <DCCReference Include="Controllers\Cliente\Cliente.Controller.pas"/>
        <DCCReference Include="Controllers\Cliente\Cliente.Controller.Interf.pas"/>
        <DCCReference Include="Controllers\Cliente\Factory\Cliente_Factory.Controller.Interf.pas"/>
        <DCCReference Include="Controllers\Cliente\Factory\Cliente_Factory.Controller.pas"/>
        <DCCReference Include="Controllers\Cliente\Cliente_Metodo.Controller.pas"/>
        <DCCReference Include="Models\Pagamento\Pagamento.Model.Interf.pas"/>
        <DCCReference Include="Models\Pagamento\Pagamento.Model.pas"/>
        <DCCReference Include="Models\Pagamento\Factory\Pagamento_Factory.Model.Interf.pas"/>
        <DCCReference Include="Models\Pagamento\Factory\Pagamento_Factory.Model.pas"/>
        <DCCReference Include="Models\Pagamento\Tipo\Dinheiro\Pagamento_Tipo_Dinheiro.Model.pas"/>
        <DCCReference Include="Models\Pagamento\Tipo\CartaoCredito\Pagamento_Tipo_CartaoCredito.Model.pas"/>
        <DCCReference Include="Models\Pagamento\Tipo\Dinheiro\Metodo\Pagamento_Tipo_Dinheiro_Metodo_Executar.Model.pas"/>
        <DCCReference Include="Models\Pagamento\Tipo\Dinheiro\Metodo\Factory\Pagamento_Tipo_Dinheiro_Metodo_Factory.Model.Interf.pas"/>
        <DCCReference Include="Models\Pagamento\Tipo\Dinheiro\Metodo\Factory\Pagamento_Tipo_Dinheiro_Metodo_Factory.Model.pas"/>
        <DCCReference Include="Models\Pagamento\Tipo\Dinheiro\Metodo\Pagamento_Tipo_Dinheiro_Metodo_Estornar.Model.pas"/>
        <DCCReference Include="Models\Pagamento\Tipo\CartaoCredito\Metodo\Factory\Pagamento_Tipo_CartaoCredito_Metodo_Factory.Model.Interf.pas"/>
        <DCCReference Include="Models\Pagamento\Tipo\CartaoCredito\Metodo\Factory\Pagamento_Tipo_CartaoCredito_Metodo_Factory.Model.pas"/>
        <DCCReference Include="Models\Pagamento\Tipo\CartaoCredito\Metodo\Pagamento_Tipo_CartaoCredito_Metodo_Executar.Model.pas"/>
        <DCCReference Include="Models\Pagamento\Tipo\CartaoCredito\Metodo\Pagamento_Tipo_CartaoCredito_Metodo_Estornar.Model.pas"/>
        <DCCReference Include="Models\Pagamento\Tipo\Factory\Pagamento_Tipo_Factory.Model.pas"/>
        <DCCReference Include="Controllers\Pagamento\Pagamento.Controller.Interf.pas"/>
        <DCCReference Include="Controllers\Pagamento\Pagamento.Controller.pas"/>
        <DCCReference Include="Controllers\Pagamento\Factory\Pagamento_Factory.Controller.Interf.pas"/>
        <DCCReference Include="Controllers\Pagamento\Factory\Pagamento_Factory.Controller.pas"/>
        <DCCReference Include="Controllers\Pagamento\Tipo\Pagamento_Tipo_Dinheiro.Controller.pas"/>
        <DCCReference Include="Controllers\Pagamento\Tipo\Pagamento_Tipo_CartaoCredito.Controller.pas"/>
        <DCCReference Include="Controllers\Pagamento\Tipo\Factory\Pagamento_Tipo_Factory.Controller.pas"/>
        <DCCReference Include="Controllers\Pagamento\Tipo\Factory\Pagamento_Tipo_Factory.Controller.Interf.pas"/>
        <DCCReference Include="Models\Venda\Venda.Model.Inerf.pas"/>
        <DCCReference Include="Models\Venda\Venda.Model.pas"/>
        <DCCReference Include="Models\Venda\Factory\Venda_Factory.Model.Inerf.pas"/>
        <DCCReference Include="Models\Venda\Factory\Venda_Factory.Model.pas"/>
        <DCCReference Include="Models\Venda\Metodo\Factory\Venda_Metodo_Factory.Model.Inerf.pas"/>
        <DCCReference Include="Models\Venda\Metodo\Factory\Venda_Metodo_Factory.Model.pas"/>
        <DCCReference Include="Models\Venda\Metodo\Venda_Metodo_Abrir.Model.pas"/>
        <DCCReference Include="Models\Venda\Metodo\Venda_Metodo_Pagar.Model.pas"/>
        <DCCReference Include="Models\Venda\Metodo\Venda_Metodo_Fechar.Model.pas"/>
        <DCCReference Include="Models\Venda\State\Factory\Venda_State_Factory.Model.Interf.pas"/>
        <DCCReference Include="Models\Venda\State\Factory\Venda_State_Factory.Model.pas"/>
        <DCCReference Include="Models\Venda\State\Venda_State_Aberto.Model.pas"/>
        <DCCReference Include="Models\Venda\State\Venda_State_Fechado.Model.pas"/>
        <DCCReference Include="Models\Venda\State\Venda_State_Pagamento.Model.pas"/>
        <DCCReference Include="Controllers\Venda\Venda.Controller.Interf.pas"/>
        <DCCReference Include="Controllers\Venda\Venda.Controller.pas"/>
        <DCCReference Include="Controllers\Venda\Factory\Venda_Factory.Controller.Interf.pas"/>
        <DCCReference Include="Controllers\Venda\Factory\Venda_Factory.Controller.pas"/>
        <DCCReference Include="Controllers\Venda\Venda_Metodo.Controller.pas"/>
        <DCCReference Include="Models\Cliente\Metodo\Cliente_Metodo_Buscar.Model.pas"/>
        <DCCReference Include="Models\Item\Item_Iterator.Model.pas"/>
        <DCCReference Include="Models\Pagamento\Pagamento_Iterator.Model.pas"/>
        <DCCReference Include="Controllers\Dialog\Dialog_Pagamento.Controller.Interf.pas"/>
        <DCCReference Include="Controllers\Dialog\Dialog_Pagamento.Controller.pas"/>
        <DCCReference Include="Views\Dialog\Dialog_PagamentoView.pas">
            <Form>DialogPagamentoView</Form>
            <FormType>fmx</FormType>
        </DCCReference>
        <DCCReference Include="Controllers\Pagamento\Operacoes\Pagamento_Operacoes.Controller.Interf.pas"/>
        <DCCReference Include="Controllers\Pagamento\Operacoes\Pagamento_Operacoes.Controller.pas"/>
        <DCCReference Include="Models\Conexao\Driver\Factory\Conexao_Driver_Factory.Model.interf.pas"/>
        <DCCReference Include="Models\Conexao\Driver\Factory\Conexao_Driver_Factory.Model.pas"/>
        <DCCReference Include="Models\Conexao\Factory\Conexao_Factory.Model.Interf.pas"/>
        <DCCReference Include="Models\Conexao\Factory\Conexao_Factory.Model.pas"/>
        <DCCReference Include="Models\Conexao\Conexao.Model.Interf.pas"/>
        <DCCReference Include="Models\Conexao\Conexao.Model.pas"/>
        <DCCReference Include="Models\Conexao\Driver\Conexao_Driver_Firedac.Model.pas"/>
        <DCCReference Include="Models\Usuario\Usuario_Funcoes.Model.pas"/>
        <DCCReference Include="Models\Entidade\Entidade_Caixa.Model.pas"/>
        <DCCReference Include="Models\Entidade\Entidade_CaixaOperacoes.Model.pas"/>
        <DCCReference Include="Models\Entidade\Entidade_Venda.Model.pas"/>
        <DCCReference Include="Models\Entidade\Entidade_Cliente.Model.pas"/>
        <DCCReference Include="Models\Entidade\Entidade_Produto.Model.pas"/>
        <DCCReference Include="Models\Entidade\Entidade_VendaItens.Model.pas"/>
        <DCCReference Include="Models\Produto\Produto.Model.Interf.pas"/>
        <DCCReference Include="Models\Produto\Produto.Model.pas"/>
        <DCCReference Include="Models\Produto\Factory\Produto_Factory.Model.Interf.pas"/>
        <DCCReference Include="Models\Produto\Factory\Produto_Factory.Model.pas"/>
        <DCCReference Include="Models\Produto\Metodo\Produto_Metodo_Buscar.Model.pas"/>
        <DCCReference Include="Models\Produto\Metodo\Factory\Produto_Metodo_Factory.Model.Interf.pas"/>
        <DCCReference Include="Models\Produto\Metodo\Factory\Produto_Metodo_Factory.Model.pas"/>
        <DCCReference Include="Models\Entidade\Entidade_VendaPagamentos.Model.pas"/>
        <DCCReference Include="Models\Pagamento\Tipo\Factory\Pagamento_Tipo_Factory.Model.Interf.pas"/>
        <DCCReference Include="Models\Fiscal\Fiscal.Model.Interf.pas"/>
        <DCCReference Include="Models\Fiscal\Factory\Fiscal_Factory.Model.pas"/>
        <DCCReference Include="Models\Fiscal\NFCe\Componentes\Fiscal_NFCe_ACBr.Model.pas"/>
        <DCCReference Include="Models\Fiscal\NFCe\Fiscal_NFCe.Model.Interf.pas"/>
        <DCCReference Include="Models\Fiscal\NFCe\Factory\Fiscal_NFCe_Factory.Model.pas"/>
        <DCCReference Include="Models\Fiscal\Fiscal.Model.pas"/>
        <DCCReference Include="Models\Fiscal\Proxy\Fiscal_Proxy_Identificacao.Model.pas"/>
        <DCCReference Include="Models\Fiscal\Proxy\Fiscal_Proxy_Contribuinte.Model.pas"/>
        <DCCReference Include="Models\Fiscal\Proxy\Fiscal_Proxy_Endereco.Model.pas"/>
        <DCCReference Include="Models\Fiscal\Proxy\Fiscal_Proxy_Emitente.Model.pas"/>
        <DCCReference Include="Models\Fiscal\Proxy\Fiscal_Proxy_Destinatario.Model.pas"/>
        <DCCReference Include="Models\Fiscal\Proxy\Fiscal_Proxy_Produto.Model.pas"/>
        <DCCReference Include="Models\Fiscal\Proxy\Fiscal_Proxy_Pagamento.Model.pas"/>
        <DCCReference Include="Models\Fiscal\Proxy\Factory\Fiscal_Proxy_Factory.Model.Interf.pas"/>
        <DCCReference Include="Models\Fiscal\Proxy\Factory\Fiscal_Proxy_Factory.Model.pas"/>
        <DCCReference Include="Models\Fiscal\Proxy\Fiscal_Proxy.Model.pas"/>
        <DCCReference Include="Models\Fiscal\Proxy\Iterator\Fiscal_Proxy_ProdutoIterator.Model.pas"/>
        <DCCReference Include="Models\Fiscal\Proxy\Lista\Fiscal_Proxy_ProdutoLista.Model.pas"/>
        <DCCReference Include="Models\Fiscal\Proxy\Iterator\Fiscal_Proxy_PagamentoIterator.Model.pas"/>
        <DCCReference Include="Models\Fiscal\Proxy\Lista\Fiscal_Proxy_PagamentoLista.Model.pas"/>
        <DCCReference Include="Models\Fiscal\NFCe\Factory\Fiscal_NFCe_Factory.Model.Interf.pas"/>
        <DCCReference Include="Models\Entidade\Entidade_Empresa.Model.pas"/>
        <DCCReference Include="Models\Empresa\Empresa.Model.pas"/>
        <DCCReference Include="Models\Empresa\Empresa.Model.Interf.pas"/>
        <DCCReference Include="Models\Empresa\Factory\Empresa_Factory.Model.Interf.pas"/>
        <DCCReference Include="Models\Empresa\Factory\Empresa_Factory.Model.pas"/>
        <DCCReference Include="Controllers\Fiscal\Fiscal.Controller.pas"/>
        <DCCReference Include="Controllers\Fiscal\Fiscal.Controller.Interf.pas"/>
        <DCCReference Include="Controllers\Fiscal\Factory\Fiscal_Factory.Controller.Interf.pas"/>
        <DCCReference Include="Controllers\Fiscal\Factory\Fiscal_Factory.Controller.pas"/>
        <DCCReference Include="Controllers\Venda\Metodo\Venda_Metodo_Item.Controller.pas"/>
        <DCCReference Include="Controllers\Venda\Metodo\Factory\Venda_Metodo_Factory.Controller.Interf.pas"/>
        <DCCReference Include="Controllers\Venda\Metodo\Factory\Venda_Metodo_Factory.Controller.pas"/>
        <DCCReference Include="Controllers\Observer\Observer.Controller.Interf.pas"/>
        <DCCReference Include="Controllers\Observer\Observer_Itens.Controller.pas"/>
        <DCCReference Include="Models\Venda\Venda_Observer.Model.pas"/>
        <DCCReference Include="Controllers\Observer\Observer_Caixa.Controller.pas"/>
        <DCCReference Include="Models\Caixa\Caixa_Observer.Model.pas"/>
        <DCCReference Include="Controllers\Observer\Observer_Venda.Controller.pas"/>
        <None Include="mvcbr.inc"/>
        <BuildConfiguration Include="Release">
            <Key>Cfg_2</Key>
            <CfgParent>Base</CfgParent>
        </BuildConfiguration>
        <BuildConfiguration Include="Base">
            <Key>Base</Key>
        </BuildConfiguration>
        <BuildConfiguration Include="Debug">
            <Key>Cfg_1</Key>
            <CfgParent>Base</CfgParent>
        </BuildConfiguration>
    </ItemGroup>
    <ProjectExtensions>
        <Borland.Personality>Delphi.Personality.12</Borland.Personality>
        <Borland.ProjectType>Application</Borland.ProjectType>
        <BorlandProject>
            <Delphi.Personality>
                <Source>
                    <Source Name="MainSource">PDVUpdates.dpr</Source>
                </Source>
                <Excluded_Packages>
                    <Excluded_Packages Name="$(BDSBIN)\dcloffice2k250.bpl">Microsoft Office 2000 Sample Automation Server Wrapper Components</Excluded_Packages>
                    <Excluded_Packages Name="$(BDSBIN)\dclofficexp250.bpl">Microsoft Office XP Sample Automation Server Wrapper Components</Excluded_Packages>
                </Excluded_Packages>
            </Delphi.Personality>
            <Deployment Version="3">
                <DeployFile LocalName="..\bin\PDVUpdates.exe" Configuration="Debug" Class="ProjectOutput">
                    <Platform Name="Win32">
                        <RemoteName>PDVUpdates.exe</RemoteName>
                        <Overwrite>true</Overwrite>
                    </Platform>
                </DeployFile>
                <DeployFile LocalName="$(BDS)\Redist\osx32\libcgunwind.1.0.dylib" Class="DependencyModule">
                    <Platform Name="OSX32">
                        <Overwrite>true</Overwrite>
                    </Platform>
                </DeployFile>
                <DeployFile LocalName="$(BDS)\Redist\iossimulator\libcgunwind.1.0.dylib" Class="DependencyModule">
                    <Platform Name="iOSSimulator">
                        <Overwrite>true</Overwrite>
                    </Platform>
                </DeployFile>
                <DeployFile LocalName="$(BDS)\Redist\iossimulator\libPCRE.dylib" Class="DependencyModule">
                    <Platform Name="iOSSimulator">
                        <Overwrite>true</Overwrite>
                    </Platform>
                </DeployFile>
                <DeployFile LocalName="$(BDS)\Redist\osx32\libcgsqlite3.dylib" Class="DependencyModule">
                    <Platform Name="OSX32">
                        <Overwrite>true</Overwrite>
                    </Platform>
                </DeployFile>
                <DeployFile LocalName="mvcbr.inc" Configuration="Debug" Class="ProjectFile">
                    <Platform Name="Win32">
                        <RemoteDir>.\</RemoteDir>
                        <Overwrite>true</Overwrite>
                    </Platform>
                </DeployFile>
                <DeployClass Name="AdditionalDebugSymbols">
                    <Platform Name="iOSSimulator">
                        <Operation>1</Operation>
                    </Platform>
                    <Platform Name="OSX32">
                        <RemoteDir>Contents\MacOS</RemoteDir>
                        <Operation>1</Operation>
                    </Platform>
                    <Platform Name="Win32">
                        <RemoteDir>Contents\MacOS</RemoteDir>
                        <Operation>0</Operation>
                    </Platform>
                </DeployClass>
                <DeployClass Name="AndroidClassesDexFile">
                    <Platform Name="Android">
                        <RemoteDir>classes</RemoteDir>
                        <Operation>1</Operation>
                    </Platform>
                </DeployClass>
                <DeployClass Name="AndroidGDBServer">
                    <Platform Name="Android">
                        <RemoteDir>library\lib\armeabi-v7a</RemoteDir>
                        <Operation>1</Operation>
                    </Platform>
                </DeployClass>
                <DeployClass Name="AndroidLibnativeArmeabiFile">
                    <Platform Name="Android">
                        <RemoteDir>library\lib\armeabi</RemoteDir>
                        <Operation>1</Operation>
                    </Platform>
                </DeployClass>
                <DeployClass Name="AndroidLibnativeMipsFile">
                    <Platform Name="Android">
                        <RemoteDir>library\lib\mips</RemoteDir>
                        <Operation>1</Operation>
                    </Platform>
                </DeployClass>
                <DeployClass Name="AndroidServiceOutput">
                    <Platform Name="Android">
                        <RemoteDir>library\lib\armeabi-v7a</RemoteDir>
                        <Operation>1</Operation>
                    </Platform>
                </DeployClass>
                <DeployClass Name="AndroidSplashImageDef">
                    <Platform Name="Android">
                        <RemoteDir>res\drawable</RemoteDir>
                        <Operation>1</Operation>
                    </Platform>
                </DeployClass>
                <DeployClass Name="AndroidSplashStyles">
                    <Platform Name="Android">
                        <RemoteDir>res\values</RemoteDir>
                        <Operation>1</Operation>
                    </Platform>
                </DeployClass>
                <DeployClass Name="Android_DefaultAppIcon">
                    <Platform Name="Android">
                        <RemoteDir>res\drawable</RemoteDir>
                        <Operation>1</Operation>
                    </Platform>
                </DeployClass>
                <DeployClass Name="Android_LauncherIcon144">
                    <Platform Name="Android">
                        <RemoteDir>res\drawable-xxhdpi</RemoteDir>
                        <Operation>1</Operation>
                    </Platform>
                </DeployClass>
                <DeployClass Name="Android_LauncherIcon36">
                    <Platform Name="Android">
                        <RemoteDir>res\drawable-ldpi</RemoteDir>
                        <Operation>1</Operation>
                    </Platform>
                </DeployClass>
                <DeployClass Name="Android_LauncherIcon48">
                    <Platform Name="Android">
                        <RemoteDir>res\drawable-mdpi</RemoteDir>
                        <Operation>1</Operation>
                    </Platform>
                </DeployClass>
                <DeployClass Name="Android_LauncherIcon72">
                    <Platform Name="Android">
                        <RemoteDir>res\drawable-hdpi</RemoteDir>
                        <Operation>1</Operation>
                    </Platform>
                </DeployClass>
                <DeployClass Name="Android_LauncherIcon96">
                    <Platform Name="Android">
                        <RemoteDir>res\drawable-xhdpi</RemoteDir>
                        <Operation>1</Operation>
                    </Platform>
                </DeployClass>
                <DeployClass Name="Android_SplashImage426">
                    <Platform Name="Android">
                        <RemoteDir>res\drawable-small</RemoteDir>
                        <Operation>1</Operation>
                    </Platform>
                </DeployClass>
                <DeployClass Name="Android_SplashImage470">
                    <Platform Name="Android">
                        <RemoteDir>res\drawable-normal</RemoteDir>
                        <Operation>1</Operation>
                    </Platform>
                </DeployClass>
                <DeployClass Name="Android_SplashImage640">
                    <Platform Name="Android">
                        <RemoteDir>res\drawable-large</RemoteDir>
                        <Operation>1</Operation>
                    </Platform>
                </DeployClass>
                <DeployClass Name="Android_SplashImage960">
                    <Platform Name="Android">
                        <RemoteDir>res\drawable-xlarge</RemoteDir>
                        <Operation>1</Operation>
                    </Platform>
                </DeployClass>
                <DeployClass Name="DebugSymbols">
                    <Platform Name="iOSSimulator">
                        <Operation>1</Operation>
                    </Platform>
                    <Platform Name="OSX32">
                        <RemoteDir>Contents\MacOS</RemoteDir>
                        <Operation>1</Operation>
                    </Platform>
                    <Platform Name="Win32">
                        <Operation>0</Operation>
                    </Platform>
                </DeployClass>
                <DeployClass Name="DependencyFramework">
                    <Platform Name="OSX32">
                        <RemoteDir>Contents\MacOS</RemoteDir>
                        <Operation>1</Operation>
                        <Extensions>.framework</Extensions>
                    </Platform>
                    <Platform Name="Win32">
                        <Operation>0</Operation>
                    </Platform>
                </DeployClass>
                <DeployClass Name="DependencyModule">
                    <Platform Name="iOSDevice32">
                        <Operation>1</Operation>
                        <Extensions>.dylib</Extensions>
                    </Platform>
                    <Platform Name="iOSDevice64">
                        <Operation>1</Operation>
                        <Extensions>.dylib</Extensions>
                    </Platform>
                    <Platform Name="iOSSimulator">
                        <Operation>1</Operation>
                        <Extensions>.dylib</Extensions>
                    </Platform>
                    <Platform Name="OSX32">
                        <RemoteDir>Contents\MacOS</RemoteDir>
                        <Operation>1</Operation>
                        <Extensions>.dylib</Extensions>
                    </Platform>
                    <Platform Name="Win32">
                        <Operation>0</Operation>
                        <Extensions>.dll;.bpl</Extensions>
                    </Platform>
                </DeployClass>
                <DeployClass Required="true" Name="DependencyPackage">
                    <Platform Name="iOSDevice32">
                        <Operation>1</Operation>
                        <Extensions>.dylib</Extensions>
                    </Platform>
                    <Platform Name="iOSDevice64">
                        <Operation>1</Operation>
                        <Extensions>.dylib</Extensions>
                    </Platform>
                    <Platform Name="iOSSimulator">
                        <Operation>1</Operation>
                        <Extensions>.dylib</Extensions>
                    </Platform>
                    <Platform Name="OSX32">
                        <RemoteDir>Contents\MacOS</RemoteDir>
                        <Operation>1</Operation>
                        <Extensions>.dylib</Extensions>
                    </Platform>
                    <Platform Name="Win32">
                        <Operation>0</Operation>
                        <Extensions>.bpl</Extensions>
                    </Platform>
                </DeployClass>
                <DeployClass Name="File">
                    <Platform Name="Android">
                        <Operation>0</Operation>
                    </Platform>
                    <Platform Name="iOSDevice32">
                        <Operation>0</Operation>
                    </Platform>
                    <Platform Name="iOSDevice64">
                        <Operation>0</Operation>
                    </Platform>
                    <Platform Name="iOSSimulator">
                        <Operation>0</Operation>
                    </Platform>
                    <Platform Name="OSX32">
                        <RemoteDir>Contents\Resources\StartUp\</RemoteDir>
                        <Operation>0</Operation>
                    </Platform>
                    <Platform Name="Win32">
                        <Operation>0</Operation>
                    </Platform>
                </DeployClass>
                <DeployClass Name="iPad_Launch1024">
                    <Platform Name="iOSDevice32">
                        <Operation>1</Operation>
                    </Platform>
                    <Platform Name="iOSDevice64">
                        <Operation>1</Operation>
                    </Platform>
                    <Platform Name="iOSSimulator">
                        <Operation>1</Operation>
                    </Platform>
                </DeployClass>
                <DeployClass Name="iPad_Launch1536">
                    <Platform Name="iOSDevice32">
                        <Operation>1</Operation>
                    </Platform>
                    <Platform Name="iOSDevice64">
                        <Operation>1</Operation>
                    </Platform>
                    <Platform Name="iOSSimulator">
                        <Operation>1</Operation>
                    </Platform>
                </DeployClass>
                <DeployClass Name="iPad_Launch2048">
                    <Platform Name="iOSDevice32">
                        <Operation>1</Operation>
                    </Platform>
                    <Platform Name="iOSDevice64">
                        <Operation>1</Operation>
                    </Platform>
                    <Platform Name="iOSSimulator">
                        <Operation>1</Operation>
                    </Platform>
                </DeployClass>
                <DeployClass Name="iPad_Launch768">
                    <Platform Name="iOSDevice32">
                        <Operation>1</Operation>
                    </Platform>
                    <Platform Name="iOSDevice64">
                        <Operation>1</Operation>
                    </Platform>
                    <Platform Name="iOSSimulator">
                        <Operation>1</Operation>
                    </Platform>
                </DeployClass>
                <DeployClass Name="iPhone_Launch320">
                    <Platform Name="iOSDevice32">
                        <Operation>1</Operation>
                    </Platform>
                    <Platform Name="iOSDevice64">
                        <Operation>1</Operation>
                    </Platform>
                    <Platform Name="iOSSimulator">
                        <Operation>1</Operation>
                    </Platform>
                </DeployClass>
                <DeployClass Name="iPhone_Launch640">
                    <Platform Name="iOSDevice32">
                        <Operation>1</Operation>
                    </Platform>
                    <Platform Name="iOSDevice64">
                        <Operation>1</Operation>
                    </Platform>
                    <Platform Name="iOSSimulator">
                        <Operation>1</Operation>
                    </Platform>
                </DeployClass>
                <DeployClass Name="iPhone_Launch640x1136">
                    <Platform Name="iOSDevice32">
                        <Operation>1</Operation>
                    </Platform>
                    <Platform Name="iOSDevice64">
                        <Operation>1</Operation>
                    </Platform>
                    <Platform Name="iOSSimulator">
                        <Operation>1</Operation>
                    </Platform>
                </DeployClass>
                <DeployClass Name="ProjectAndroidManifest">
                    <Platform Name="Android">
                        <Operation>1</Operation>
                    </Platform>
                </DeployClass>
                <DeployClass Name="ProjectiOSDeviceDebug">
                    <Platform Name="iOSDevice32">
                        <RemoteDir>..\$(PROJECTNAME).app.dSYM\Contents\Resources\DWARF</RemoteDir>
                        <Operation>1</Operation>
                    </Platform>
                    <Platform Name="iOSDevice64">
                        <RemoteDir>..\$(PROJECTNAME).app.dSYM\Contents\Resources\DWARF</RemoteDir>
                        <Operation>1</Operation>
                    </Platform>
                </DeployClass>
                <DeployClass Name="ProjectiOSDeviceResourceRules">
                    <Platform Name="iOSDevice32">
                        <Operation>1</Operation>
                    </Platform>
                    <Platform Name="iOSDevice64">
                        <Operation>1</Operation>
                    </Platform>
                </DeployClass>
                <DeployClass Name="ProjectiOSEntitlements">
                    <Platform Name="iOSDevice32">
                        <RemoteDir>..\</RemoteDir>
                        <Operation>1</Operation>
                    </Platform>
                    <Platform Name="iOSDevice64">
                        <RemoteDir>..\</RemoteDir>
                        <Operation>1</Operation>
                    </Platform>
                </DeployClass>
                <DeployClass Name="ProjectiOSInfoPList">
                    <Platform Name="iOSDevice32">
                        <Operation>1</Operation>
                    </Platform>
                    <Platform Name="iOSDevice64">
                        <Operation>1</Operation>
                    </Platform>
                    <Platform Name="iOSSimulator">
                        <Operation>1</Operation>
                    </Platform>
                </DeployClass>
                <DeployClass Name="ProjectiOSResource">
                    <Platform Name="iOSDevice32">
                        <Operation>1</Operation>
                    </Platform>
                    <Platform Name="iOSDevice64">
                        <Operation>1</Operation>
                    </Platform>
                    <Platform Name="iOSSimulator">
                        <Operation>1</Operation>
                    </Platform>
                </DeployClass>
                <DeployClass Name="ProjectOSXEntitlements">
                    <Platform Name="OSX32">
                        <RemoteDir>..\</RemoteDir>
                        <Operation>1</Operation>
                    </Platform>
                </DeployClass>
                <DeployClass Name="ProjectOSXInfoPList">
                    <Platform Name="OSX32">
                        <RemoteDir>Contents</RemoteDir>
                        <Operation>1</Operation>
                    </Platform>
                </DeployClass>
                <DeployClass Name="ProjectOSXResource">
                    <Platform Name="OSX32">
                        <RemoteDir>Contents\Resources</RemoteDir>
                        <Operation>1</Operation>
                    </Platform>
                </DeployClass>
                <DeployClass Required="true" Name="ProjectOutput">
                    <Platform Name="Android">
                        <RemoteDir>library\lib\armeabi-v7a</RemoteDir>
                        <Operation>1</Operation>
                    </Platform>
                    <Platform Name="iOSDevice32">
                        <Operation>1</Operation>
                    </Platform>
                    <Platform Name="iOSDevice64">
                        <Operation>1</Operation>
                    </Platform>
                    <Platform Name="iOSSimulator">
                        <Operation>1</Operation>
                    </Platform>
                    <Platform Name="Linux64">
                        <Operation>1</Operation>
                    </Platform>
                    <Platform Name="OSX32">
                        <RemoteDir>Contents\MacOS</RemoteDir>
                        <Operation>1</Operation>
                    </Platform>
                    <Platform Name="Win32">
                        <Operation>0</Operation>
                    </Platform>
                </DeployClass>
                <DeployClass Name="ProjectUWPManifest">
                    <Platform Name="Win32">
                        <Operation>1</Operation>
                    </Platform>
                    <Platform Name="Win64">
                        <Operation>1</Operation>
                    </Platform>
                </DeployClass>
                <DeployClass Name="UWP_DelphiLogo150">
                    <Platform Name="Win32">
                        <RemoteDir>Assets</RemoteDir>
                        <Operation>1</Operation>
                    </Platform>
                    <Platform Name="Win64">
                        <RemoteDir>Assets</RemoteDir>
                        <Operation>1</Operation>
                    </Platform>
                </DeployClass>
                <DeployClass Name="UWP_DelphiLogo44">
                    <Platform Name="Win32">
                        <RemoteDir>Assets</RemoteDir>
                        <Operation>1</Operation>
                    </Platform>
                    <Platform Name="Win64">
                        <RemoteDir>Assets</RemoteDir>
                        <Operation>1</Operation>
                    </Platform>
                </DeployClass>
                <ProjectRoot Platform="iOSDevice64" Name="$(PROJECTNAME).app"/>
                <ProjectRoot Platform="Win64" Name="$(PROJECTNAME)"/>
                <ProjectRoot Platform="iOSDevice32" Name="$(PROJECTNAME).app"/>
                <ProjectRoot Platform="Linux64" Name="$(PROJECTNAME)"/>
                <ProjectRoot Platform="Win32" Name="$(PROJECTNAME)"/>
                <ProjectRoot Platform="OSX32" Name="$(PROJECTNAME).app"/>
                <ProjectRoot Platform="Android" Name="$(PROJECTNAME)"/>
                <ProjectRoot Platform="iOSSimulator" Name="$(PROJECTNAME).app"/>
            </Deployment>
            <Platforms>
                <Platform value="Android">False</Platform>
                <Platform value="iOSDevice32">False</Platform>
                <Platform value="iOSDevice64">False</Platform>
                <Platform value="iOSSimulator">False</Platform>
                <Platform value="Linux64">False</Platform>
                <Platform value="OSX32">False</Platform>
                <Platform value="Win32">True</Platform>
                <Platform value="Win64">False</Platform>
            </Platforms>
        </BorlandProject>
        <ProjectFileVersion>12</ProjectFileVersion>
    </ProjectExtensions>
    <Import Project="$(BDS)\Bin\CodeGear.Delphi.Targets" Condition="Exists('$(BDS)\Bin\CodeGear.Delphi.Targets')"/>
    <Import Project="$(APPDATA)\Embarcadero\$(BDSAPPDATABASEDIR)\$(PRODUCTVERSION)\UserTools.proj" Condition="Exists('$(APPDATA)\Embarcadero\$(BDSAPPDATABASEDIR)\$(PRODUCTVERSION)\UserTools.proj')"/>
    <Import Project="$(MSBuildProjectName).deployproj" Condition="Exists('$(MSBuildProjectName).deployproj')"/>
</Project>
